
Microsoft Visual Studio Solution File, Format Version 12.00
# Visual Studio 2012
Project("{FAE04EC0-301F-11D3-BF4B-00C04F79EFBC}") = "Ruby.Biz.System", "Ruby.Biz.System\Ruby.Biz.System.csproj", "{78FB7346-D3BA-426B-AA65-88F18426EADB}"
EndProject
Project("{FAE04EC0-301F-11D3-BF4B-00C04F79EFBC}") = "Ruby.Biz.Cache", "Ruby.Biz.Cache\Ruby.Biz.Cache.csproj", "{DCBD35BE-60A5-43A4-8517-A4B21BBD99DF}"
EndProject
Global
	GlobalSection(SolutionConfigurationPlatforms) = preSolution
		Debug|Any CPU = Debug|Any CPU
		Release|Any CPU = Release|Any CPU
	EndGlobalSection
	GlobalSection(ProjectConfigurationPlatforms) = postSolution
		{78FB7346-D3BA-426B-AA65-88F18426EADB}.Debug|Any CPU.ActiveCfg = Debug|Any CPU
		{78FB7346-D3BA-426B-AA65-88F18426EADB}.Debug|Any CPU.Build.0 = Debug|Any CPU
		{78FB7346-D3BA-426B-AA65-88F18426EADB}.Release|Any CPU.ActiveCfg = Release|Any CPU
		{78FB7346-D3BA-426B-AA65-88F18426EADB}.Release|Any CPU.Build.0 = Release|Any CPU
		{DCBD35BE-60A5-43A4-8517-A4B21BBD99DF}.Debug|Any CPU.ActiveCfg = Debug|Any CPU
		{DCBD35BE-60A5-43A4-8517-A4B21BBD99DF}.Debug|Any CPU.Build.0 = Debug|Any CPU
		{DCBD35BE-60A5-43A4-8517-A4B21BBD99DF}.Release|Any CPU.ActiveCfg = Release|Any CPU
		{DCBD35BE-60A5-43A4-8517-A4B21BBD99DF}.Release|Any CPU.Build.0 = Release|Any CPU
	EndGlobalSection
	GlobalSection(SolutionProperties) = preSolution
		HideSolutionNode = FALSE
	EndGlobalSection
EndGlobal
