
Microsoft Visual Studio Solution File, Format Version 12.00
# Visual Studio 2012
Project("{FAE04EC0-301F-11D3-BF4B-00C04F79EFBC}") = "ArduinoUDP", "ArduinoUDP\ArduinoUDP.csproj", "{26C03410-F394-4041-9B70-48F4DCCCB598}"
EndProject
Project("{FAE04EC0-301F-11D3-BF4B-00C04F79EFBC}") = "homeserver", "..\homeserver\homeserver\homeserver.csproj", "{7E3D8C70-6C8B-4236-9F2F-07B793063F5F}"
EndProject
Global
	GlobalSection(SolutionConfigurationPlatforms) = preSolution
		Debug|Any CPU = Debug|Any CPU
		Debug|Mixed Platforms = Debug|Mixed Platforms
		Debug|x86 = Debug|x86
		Release|Any CPU = Release|Any CPU
		Release|Mixed Platforms = Release|Mixed Platforms
		Release|x86 = Release|x86
	EndGlobalSection
	GlobalSection(ProjectConfigurationPlatforms) = postSolution
		{26C03410-F394-4041-9B70-48F4DCCCB598}.Debug|Any CPU.ActiveCfg = Debug|Any CPU
		{26C03410-F394-4041-9B70-48F4DCCCB598}.Debug|Any CPU.Build.0 = Debug|Any CPU
		{26C03410-F394-4041-9B70-48F4DCCCB598}.Debug|Mixed Platforms.ActiveCfg = Debug|Any CPU
		{26C03410-F394-4041-9B70-48F4DCCCB598}.Debug|Mixed Platforms.Build.0 = Debug|Any CPU
		{26C03410-F394-4041-9B70-48F4DCCCB598}.Debug|x86.ActiveCfg = Debug|Any CPU
		{26C03410-F394-4041-9B70-48F4DCCCB598}.Release|Any CPU.ActiveCfg = Release|Any CPU
		{26C03410-F394-4041-9B70-48F4DCCCB598}.Release|Any CPU.Build.0 = Release|Any CPU
		{26C03410-F394-4041-9B70-48F4DCCCB598}.Release|Mixed Platforms.ActiveCfg = Release|Any CPU
		{26C03410-F394-4041-9B70-48F4DCCCB598}.Release|Mixed Platforms.Build.0 = Release|Any CPU
		{26C03410-F394-4041-9B70-48F4DCCCB598}.Release|x86.ActiveCfg = Release|Any CPU
		{7E3D8C70-6C8B-4236-9F2F-07B793063F5F}.Debug|Any CPU.ActiveCfg = Debug|x86
		{7E3D8C70-6C8B-4236-9F2F-07B793063F5F}.Debug|Mixed Platforms.ActiveCfg = Debug|x86
		{7E3D8C70-6C8B-4236-9F2F-07B793063F5F}.Debug|Mixed Platforms.Build.0 = Debug|x86
		{7E3D8C70-6C8B-4236-9F2F-07B793063F5F}.Debug|x86.ActiveCfg = Debug|x86
		{7E3D8C70-6C8B-4236-9F2F-07B793063F5F}.Debug|x86.Build.0 = Debug|x86
		{7E3D8C70-6C8B-4236-9F2F-07B793063F5F}.Release|Any CPU.ActiveCfg = Release|x86
		{7E3D8C70-6C8B-4236-9F2F-07B793063F5F}.Release|Mixed Platforms.ActiveCfg = Release|x86
		{7E3D8C70-6C8B-4236-9F2F-07B793063F5F}.Release|Mixed Platforms.Build.0 = Release|x86
		{7E3D8C70-6C8B-4236-9F2F-07B793063F5F}.Release|x86.ActiveCfg = Release|x86
		{7E3D8C70-6C8B-4236-9F2F-07B793063F5F}.Release|x86.Build.0 = Release|x86
	EndGlobalSection
	GlobalSection(SolutionProperties) = preSolution
		HideSolutionNode = FALSE
	EndGlobalSection
EndGlobal
