
Microsoft Visual Studio Solution File, Format Version 12.00
# Visual Studio 2013
VisualStudioVersion = 12.0.21005.1
MinimumVisualStudioVersion = 10.0.40219.1
Project("{FAE04EC0-301F-11D3-BF4B-00C04F79EFBC}") = "Framework.Event", "..\framework\Framework.Event\Framework.Event.csproj", "{8D9F82CB-22AE-4EBE-A47F-7402243671C2}"
EndProject
Project("{FAE04EC0-301F-11D3-BF4B-00C04F79EFBC}") = "Framework.Data", "..\Framework\Framework.Data\Framework.Data.csproj", "{69AE3A2F-205E-4DF2-8DEB-E8023BAF7CA9}"
EndProject
Global
	GlobalSection(SolutionConfigurationPlatforms) = preSolution
		Debug|Any CPU = Debug|Any CPU
		Release|Any CPU = Release|Any CPU
	EndGlobalSection
	GlobalSection(ProjectConfigurationPlatforms) = postSolution
		{8D9F82CB-22AE-4EBE-A47F-7402243671C2}.Debug|Any CPU.ActiveCfg = Debug|Any CPU
		{8D9F82CB-22AE-4EBE-A47F-7402243671C2}.Debug|Any CPU.Build.0 = Debug|Any CPU
		{8D9F82CB-22AE-4EBE-A47F-7402243671C2}.Release|Any CPU.ActiveCfg = Release|Any CPU
		{8D9F82CB-22AE-4EBE-A47F-7402243671C2}.Release|Any CPU.Build.0 = Release|Any CPU
		{69AE3A2F-205E-4DF2-8DEB-E8023BAF7CA9}.Debug|Any CPU.ActiveCfg = Debug|Any CPU
		{69AE3A2F-205E-4DF2-8DEB-E8023BAF7CA9}.Debug|Any CPU.Build.0 = Debug|Any CPU
		{69AE3A2F-205E-4DF2-8DEB-E8023BAF7CA9}.Release|Any CPU.ActiveCfg = Release|Any CPU
		{69AE3A2F-205E-4DF2-8DEB-E8023BAF7CA9}.Release|Any CPU.Build.0 = Release|Any CPU
	EndGlobalSection
	GlobalSection(SolutionProperties) = preSolution
		HideSolutionNode = FALSE
	EndGlobalSection
EndGlobal
