
Microsoft Visual Studio Solution File, Format Version 12.00
# Visual Studio 2012
Project("{FAE04EC0-301F-11D3-BF4B-00C04F79EFBC}") = "fnDataServer.Shared", "fnDataServer.Shared\fnDataServer.Shared.csproj", "{2A6B491E-EAC6-4BA3-938E-F385E9FA0032}"
EndProject
Project("{FAE04EC0-301F-11D3-BF4B-00C04F79EFBC}") = "fnDataServer.Client", "fnDataServer.Client\fnDataServer.Client.csproj", "{A584478D-A9F2-49DD-AF38-EF7BAAB1F922}"
	ProjectSection(ProjectDependencies) = postProject
		{2A6B491E-EAC6-4BA3-938E-F385E9FA0032} = {2A6B491E-EAC6-4BA3-938E-F385E9FA0032}
	EndProjectSection
EndProject
Project("{FAE04EC0-301F-11D3-BF4B-00C04F79EFBC}") = "fnDataServer.Data", "fnDataServer.Data\fnDataServer.Data.csproj", "{CE224460-997B-4C5A-BD1D-547C9C65E2F0}"
	ProjectSection(ProjectDependencies) = postProject
		{2A6B491E-EAC6-4BA3-938E-F385E9FA0032} = {2A6B491E-EAC6-4BA3-938E-F385E9FA0032}
	EndProjectSection
EndProject
Project("{FAE04EC0-301F-11D3-BF4B-00C04F79EFBC}") = "fnDataServer.Service", "fnDataServer.Service\fnDataServer.Service.csproj", "{DB4BCD1E-A6D2-42C0-A3A5-96F3BA959787}"
	ProjectSection(ProjectDependencies) = postProject
		{2A6B491E-EAC6-4BA3-938E-F385E9FA0032} = {2A6B491E-EAC6-4BA3-938E-F385E9FA0032}
		{6CA87580-9F93-42B7-9452-B45C93A4D19F} = {6CA87580-9F93-42B7-9452-B45C93A4D19F}
	EndProjectSection
EndProject
Project("{FAE04EC0-301F-11D3-BF4B-00C04F79EFBC}") = "fnDataServer.Business", "fnDataServer.Business\fnDataServer.Business.csproj", "{AB3C38C4-9D3D-425D-8647-1A38270E3F45}"
	ProjectSection(ProjectDependencies) = postProject
		{CE224460-997B-4C5A-BD1D-547C9C65E2F0} = {CE224460-997B-4C5A-BD1D-547C9C65E2F0}
	EndProjectSection
EndProject
Project("{FAE04EC0-301F-11D3-BF4B-00C04F79EFBC}") = "fnDataServer.Contract", "fnDataServer.Contract\fnDataServer.Contract.csproj", "{6CA87580-9F93-42B7-9452-B45C93A4D19F}"
	ProjectSection(ProjectDependencies) = postProject
		{2A6B491E-EAC6-4BA3-938E-F385E9FA0032} = {2A6B491E-EAC6-4BA3-938E-F385E9FA0032}
		{AB3C38C4-9D3D-425D-8647-1A38270E3F45} = {AB3C38C4-9D3D-425D-8647-1A38270E3F45}
	EndProjectSection
EndProject
Project("{FAE04EC0-301F-11D3-BF4B-00C04F79EFBC}") = "testServer", "testServer\testServer.csproj", "{507E852B-2113-445F-8D9A-E10529FF12D3}"
EndProject
Project("{FAE04EC0-301F-11D3-BF4B-00C04F79EFBC}") = "fnWebService.ThirdParty", "fnWebService.ThirdParty\fnWebService.ThirdParty.csproj", "{5FABEEB7-7C05-40B0-B57A-8B425719751C}"
EndProject
Project("{FAE04EC0-301F-11D3-BF4B-00C04F79EFBC}") = "fnWebService.Client", "fnWebService.Client\fnWebService.Client.csproj", "{DCA28C4E-554B-4A02-9BAB-97937DBE889E}"
	ProjectSection(ProjectDependencies) = postProject
		{5FABEEB7-7C05-40B0-B57A-8B425719751C} = {5FABEEB7-7C05-40B0-B57A-8B425719751C}
	EndProjectSection
EndProject
Project("{FAE04EC0-301F-11D3-BF4B-00C04F79EFBC}") = "testClient", "testclient\testClient.csproj", "{C73FE1DB-263B-4221-B1F2-45E08822D45F}"
EndProject
Global
	GlobalSection(SolutionConfigurationPlatforms) = preSolution
		BMM|Any CPU = BMM|Any CPU
		BMM|Mixed Platforms = BMM|Mixed Platforms
		BMM|x86 = BMM|x86
		Debug|Any CPU = Debug|Any CPU
		Debug|Mixed Platforms = Debug|Mixed Platforms
		Debug|x86 = Debug|x86
		Regulatory|Any CPU = Regulatory|Any CPU
		Regulatory|Mixed Platforms = Regulatory|Mixed Platforms
		Regulatory|x86 = Regulatory|x86
		Release|Any CPU = Release|Any CPU
		Release|Mixed Platforms = Release|Mixed Platforms
		Release|x86 = Release|x86
	EndGlobalSection
	GlobalSection(ProjectConfigurationPlatforms) = postSolution
		{2A6B491E-EAC6-4BA3-938E-F385E9FA0032}.BMM|Any CPU.ActiveCfg = Release|Any CPU
		{2A6B491E-EAC6-4BA3-938E-F385E9FA0032}.BMM|Any CPU.Build.0 = Release|Any CPU
		{2A6B491E-EAC6-4BA3-938E-F385E9FA0032}.BMM|Mixed Platforms.ActiveCfg = Release|Any CPU
		{2A6B491E-EAC6-4BA3-938E-F385E9FA0032}.BMM|Mixed Platforms.Build.0 = Release|Any CPU
		{2A6B491E-EAC6-4BA3-938E-F385E9FA0032}.BMM|x86.ActiveCfg = Release|Any CPU
		{2A6B491E-EAC6-4BA3-938E-F385E9FA0032}.Debug|Any CPU.ActiveCfg = Debug|Any CPU
		{2A6B491E-EAC6-4BA3-938E-F385E9FA0032}.Debug|Any CPU.Build.0 = Debug|Any CPU
		{2A6B491E-EAC6-4BA3-938E-F385E9FA0032}.Debug|Mixed Platforms.ActiveCfg = Debug|Any CPU
		{2A6B491E-EAC6-4BA3-938E-F385E9FA0032}.Debug|Mixed Platforms.Build.0 = Debug|Any CPU
		{2A6B491E-EAC6-4BA3-938E-F385E9FA0032}.Debug|x86.ActiveCfg = Debug|Any CPU
		{2A6B491E-EAC6-4BA3-938E-F385E9FA0032}.Regulatory|Any CPU.ActiveCfg = Release|Any CPU
		{2A6B491E-EAC6-4BA3-938E-F385E9FA0032}.Regulatory|Any CPU.Build.0 = Release|Any CPU
		{2A6B491E-EAC6-4BA3-938E-F385E9FA0032}.Regulatory|Mixed Platforms.ActiveCfg = Release|Any CPU
		{2A6B491E-EAC6-4BA3-938E-F385E9FA0032}.Regulatory|Mixed Platforms.Build.0 = Release|Any CPU
		{2A6B491E-EAC6-4BA3-938E-F385E9FA0032}.Regulatory|x86.ActiveCfg = Release|Any CPU
		{2A6B491E-EAC6-4BA3-938E-F385E9FA0032}.Release|Any CPU.ActiveCfg = Release|Any CPU
		{2A6B491E-EAC6-4BA3-938E-F385E9FA0032}.Release|Any CPU.Build.0 = Release|Any CPU
		{2A6B491E-EAC6-4BA3-938E-F385E9FA0032}.Release|Mixed Platforms.ActiveCfg = Release|Any CPU
		{2A6B491E-EAC6-4BA3-938E-F385E9FA0032}.Release|Mixed Platforms.Build.0 = Release|Any CPU
		{2A6B491E-EAC6-4BA3-938E-F385E9FA0032}.Release|x86.ActiveCfg = Release|Any CPU
		{A584478D-A9F2-49DD-AF38-EF7BAAB1F922}.BMM|Any CPU.ActiveCfg = Release|x86
		{A584478D-A9F2-49DD-AF38-EF7BAAB1F922}.BMM|Mixed Platforms.ActiveCfg = Release|x86
		{A584478D-A9F2-49DD-AF38-EF7BAAB1F922}.BMM|Mixed Platforms.Build.0 = Release|x86
		{A584478D-A9F2-49DD-AF38-EF7BAAB1F922}.BMM|x86.ActiveCfg = Release|x86
		{A584478D-A9F2-49DD-AF38-EF7BAAB1F922}.BMM|x86.Build.0 = Release|x86
		{A584478D-A9F2-49DD-AF38-EF7BAAB1F922}.Debug|Any CPU.ActiveCfg = Debug|x86
		{A584478D-A9F2-49DD-AF38-EF7BAAB1F922}.Debug|Mixed Platforms.ActiveCfg = Debug|x86
		{A584478D-A9F2-49DD-AF38-EF7BAAB1F922}.Debug|Mixed Platforms.Build.0 = Debug|x86
		{A584478D-A9F2-49DD-AF38-EF7BAAB1F922}.Debug|x86.ActiveCfg = Debug|x86
		{A584478D-A9F2-49DD-AF38-EF7BAAB1F922}.Debug|x86.Build.0 = Debug|x86
		{A584478D-A9F2-49DD-AF38-EF7BAAB1F922}.Regulatory|Any CPU.ActiveCfg = Release|x86
		{A584478D-A9F2-49DD-AF38-EF7BAAB1F922}.Regulatory|Mixed Platforms.ActiveCfg = Release|x86
		{A584478D-A9F2-49DD-AF38-EF7BAAB1F922}.Regulatory|Mixed Platforms.Build.0 = Release|x86
		{A584478D-A9F2-49DD-AF38-EF7BAAB1F922}.Regulatory|x86.ActiveCfg = Release|x86
		{A584478D-A9F2-49DD-AF38-EF7BAAB1F922}.Regulatory|x86.Build.0 = Release|x86
		{A584478D-A9F2-49DD-AF38-EF7BAAB1F922}.Release|Any CPU.ActiveCfg = Release|x86
		{A584478D-A9F2-49DD-AF38-EF7BAAB1F922}.Release|Mixed Platforms.ActiveCfg = Release|x86
		{A584478D-A9F2-49DD-AF38-EF7BAAB1F922}.Release|Mixed Platforms.Build.0 = Release|x86
		{A584478D-A9F2-49DD-AF38-EF7BAAB1F922}.Release|x86.ActiveCfg = Release|x86
		{A584478D-A9F2-49DD-AF38-EF7BAAB1F922}.Release|x86.Build.0 = Release|x86
		{CE224460-997B-4C5A-BD1D-547C9C65E2F0}.BMM|Any CPU.ActiveCfg = Release|x86
		{CE224460-997B-4C5A-BD1D-547C9C65E2F0}.BMM|Mixed Platforms.ActiveCfg = Release|x86
		{CE224460-997B-4C5A-BD1D-547C9C65E2F0}.BMM|Mixed Platforms.Build.0 = Release|x86
		{CE224460-997B-4C5A-BD1D-547C9C65E2F0}.BMM|x86.ActiveCfg = Release|x86
		{CE224460-997B-4C5A-BD1D-547C9C65E2F0}.BMM|x86.Build.0 = Release|x86
		{CE224460-997B-4C5A-BD1D-547C9C65E2F0}.Debug|Any CPU.ActiveCfg = Debug|x86
		{CE224460-997B-4C5A-BD1D-547C9C65E2F0}.Debug|Mixed Platforms.ActiveCfg = Debug|x86
		{CE224460-997B-4C5A-BD1D-547C9C65E2F0}.Debug|Mixed Platforms.Build.0 = Debug|x86
		{CE224460-997B-4C5A-BD1D-547C9C65E2F0}.Debug|x86.ActiveCfg = Debug|x86
		{CE224460-997B-4C5A-BD1D-547C9C65E2F0}.Debug|x86.Build.0 = Debug|x86
		{CE224460-997B-4C5A-BD1D-547C9C65E2F0}.Regulatory|Any CPU.ActiveCfg = Release|x86
		{CE224460-997B-4C5A-BD1D-547C9C65E2F0}.Regulatory|Mixed Platforms.ActiveCfg = Release|x86
		{CE224460-997B-4C5A-BD1D-547C9C65E2F0}.Regulatory|Mixed Platforms.Build.0 = Release|x86
		{CE224460-997B-4C5A-BD1D-547C9C65E2F0}.Regulatory|x86.ActiveCfg = Release|x86
		{CE224460-997B-4C5A-BD1D-547C9C65E2F0}.Regulatory|x86.Build.0 = Release|x86
		{CE224460-997B-4C5A-BD1D-547C9C65E2F0}.Release|Any CPU.ActiveCfg = Release|x86
		{CE224460-997B-4C5A-BD1D-547C9C65E2F0}.Release|Mixed Platforms.ActiveCfg = Release|x86
		{CE224460-997B-4C5A-BD1D-547C9C65E2F0}.Release|Mixed Platforms.Build.0 = Release|x86
		{CE224460-997B-4C5A-BD1D-547C9C65E2F0}.Release|x86.ActiveCfg = Release|x86
		{CE224460-997B-4C5A-BD1D-547C9C65E2F0}.Release|x86.Build.0 = Release|x86
		{DB4BCD1E-A6D2-42C0-A3A5-96F3BA959787}.BMM|Any CPU.ActiveCfg = Release|x86
		{DB4BCD1E-A6D2-42C0-A3A5-96F3BA959787}.BMM|Mixed Platforms.ActiveCfg = Release|x86
		{DB4BCD1E-A6D2-42C0-A3A5-96F3BA959787}.BMM|Mixed Platforms.Build.0 = Release|x86
		{DB4BCD1E-A6D2-42C0-A3A5-96F3BA959787}.BMM|x86.ActiveCfg = Release|x86
		{DB4BCD1E-A6D2-42C0-A3A5-96F3BA959787}.BMM|x86.Build.0 = Release|x86
		{DB4BCD1E-A6D2-42C0-A3A5-96F3BA959787}.Debug|Any CPU.ActiveCfg = Debug|x86
		{DB4BCD1E-A6D2-42C0-A3A5-96F3BA959787}.Debug|Mixed Platforms.ActiveCfg = Debug|x86
		{DB4BCD1E-A6D2-42C0-A3A5-96F3BA959787}.Debug|Mixed Platforms.Build.0 = Debug|x86
		{DB4BCD1E-A6D2-42C0-A3A5-96F3BA959787}.Debug|x86.ActiveCfg = Debug|x86
		{DB4BCD1E-A6D2-42C0-A3A5-96F3BA959787}.Debug|x86.Build.0 = Debug|x86
		{DB4BCD1E-A6D2-42C0-A3A5-96F3BA959787}.Regulatory|Any CPU.ActiveCfg = Release|x86
		{DB4BCD1E-A6D2-42C0-A3A5-96F3BA959787}.Regulatory|Mixed Platforms.ActiveCfg = Release|x86
		{DB4BCD1E-A6D2-42C0-A3A5-96F3BA959787}.Regulatory|Mixed Platforms.Build.0 = Release|x86
		{DB4BCD1E-A6D2-42C0-A3A5-96F3BA959787}.Regulatory|x86.ActiveCfg = Release|x86
		{DB4BCD1E-A6D2-42C0-A3A5-96F3BA959787}.Regulatory|x86.Build.0 = Release|x86
		{DB4BCD1E-A6D2-42C0-A3A5-96F3BA959787}.Release|Any CPU.ActiveCfg = Release|x86
		{DB4BCD1E-A6D2-42C0-A3A5-96F3BA959787}.Release|Mixed Platforms.ActiveCfg = Release|x86
		{DB4BCD1E-A6D2-42C0-A3A5-96F3BA959787}.Release|Mixed Platforms.Build.0 = Release|x86
		{DB4BCD1E-A6D2-42C0-A3A5-96F3BA959787}.Release|x86.ActiveCfg = Release|x86
		{DB4BCD1E-A6D2-42C0-A3A5-96F3BA959787}.Release|x86.Build.0 = Release|x86
		{AB3C38C4-9D3D-425D-8647-1A38270E3F45}.BMM|Any CPU.ActiveCfg = Release|Any CPU
		{AB3C38C4-9D3D-425D-8647-1A38270E3F45}.BMM|Any CPU.Build.0 = Release|Any CPU
		{AB3C38C4-9D3D-425D-8647-1A38270E3F45}.BMM|Mixed Platforms.ActiveCfg = Release|Any CPU
		{AB3C38C4-9D3D-425D-8647-1A38270E3F45}.BMM|Mixed Platforms.Build.0 = Release|Any CPU
		{AB3C38C4-9D3D-425D-8647-1A38270E3F45}.BMM|x86.ActiveCfg = Release|Any CPU
		{AB3C38C4-9D3D-425D-8647-1A38270E3F45}.Debug|Any CPU.ActiveCfg = Debug|Any CPU
		{AB3C38C4-9D3D-425D-8647-1A38270E3F45}.Debug|Any CPU.Build.0 = Debug|Any CPU
		{AB3C38C4-9D3D-425D-8647-1A38270E3F45}.Debug|Mixed Platforms.ActiveCfg = Debug|Any CPU
		{AB3C38C4-9D3D-425D-8647-1A38270E3F45}.Debug|Mixed Platforms.Build.0 = Debug|Any CPU
		{AB3C38C4-9D3D-425D-8647-1A38270E3F45}.Debug|x86.ActiveCfg = Debug|Any CPU
		{AB3C38C4-9D3D-425D-8647-1A38270E3F45}.Regulatory|Any CPU.ActiveCfg = Release|Any CPU
		{AB3C38C4-9D3D-425D-8647-1A38270E3F45}.Regulatory|Any CPU.Build.0 = Release|Any CPU
		{AB3C38C4-9D3D-425D-8647-1A38270E3F45}.Regulatory|Mixed Platforms.ActiveCfg = Release|Any CPU
		{AB3C38C4-9D3D-425D-8647-1A38270E3F45}.Regulatory|Mixed Platforms.Build.0 = Release|Any CPU
		{AB3C38C4-9D3D-425D-8647-1A38270E3F45}.Regulatory|x86.ActiveCfg = Release|Any CPU
		{AB3C38C4-9D3D-425D-8647-1A38270E3F45}.Release|Any CPU.ActiveCfg = Release|Any CPU
		{AB3C38C4-9D3D-425D-8647-1A38270E3F45}.Release|Any CPU.Build.0 = Release|Any CPU
		{AB3C38C4-9D3D-425D-8647-1A38270E3F45}.Release|Mixed Platforms.ActiveCfg = Release|Any CPU
		{AB3C38C4-9D3D-425D-8647-1A38270E3F45}.Release|Mixed Platforms.Build.0 = Release|Any CPU
		{AB3C38C4-9D3D-425D-8647-1A38270E3F45}.Release|x86.ActiveCfg = Release|Any CPU
		{6CA87580-9F93-42B7-9452-B45C93A4D19F}.BMM|Any CPU.ActiveCfg = Release|Any CPU
		{6CA87580-9F93-42B7-9452-B45C93A4D19F}.BMM|Any CPU.Build.0 = Release|Any CPU
		{6CA87580-9F93-42B7-9452-B45C93A4D19F}.BMM|Mixed Platforms.ActiveCfg = Release|Any CPU
		{6CA87580-9F93-42B7-9452-B45C93A4D19F}.BMM|Mixed Platforms.Build.0 = Release|Any CPU
		{6CA87580-9F93-42B7-9452-B45C93A4D19F}.BMM|x86.ActiveCfg = Release|Any CPU
		{6CA87580-9F93-42B7-9452-B45C93A4D19F}.Debug|Any CPU.ActiveCfg = Debug|Any CPU
		{6CA87580-9F93-42B7-9452-B45C93A4D19F}.Debug|Any CPU.Build.0 = Debug|Any CPU
		{6CA87580-9F93-42B7-9452-B45C93A4D19F}.Debug|Mixed Platforms.ActiveCfg = Debug|Any CPU
		{6CA87580-9F93-42B7-9452-B45C93A4D19F}.Debug|Mixed Platforms.Build.0 = Debug|Any CPU
		{6CA87580-9F93-42B7-9452-B45C93A4D19F}.Debug|x86.ActiveCfg = Debug|Any CPU
		{6CA87580-9F93-42B7-9452-B45C93A4D19F}.Regulatory|Any CPU.ActiveCfg = Release|Any CPU
		{6CA87580-9F93-42B7-9452-B45C93A4D19F}.Regulatory|Any CPU.Build.0 = Release|Any CPU
		{6CA87580-9F93-42B7-9452-B45C93A4D19F}.Regulatory|Mixed Platforms.ActiveCfg = Release|Any CPU
		{6CA87580-9F93-42B7-9452-B45C93A4D19F}.Regulatory|Mixed Platforms.Build.0 = Release|Any CPU
		{6CA87580-9F93-42B7-9452-B45C93A4D19F}.Regulatory|x86.ActiveCfg = Release|Any CPU
		{6CA87580-9F93-42B7-9452-B45C93A4D19F}.Release|Any CPU.ActiveCfg = Release|Any CPU
		{6CA87580-9F93-42B7-9452-B45C93A4D19F}.Release|Any CPU.Build.0 = Release|Any CPU
		{6CA87580-9F93-42B7-9452-B45C93A4D19F}.Release|Mixed Platforms.ActiveCfg = Release|Any CPU
		{6CA87580-9F93-42B7-9452-B45C93A4D19F}.Release|Mixed Platforms.Build.0 = Release|Any CPU
		{6CA87580-9F93-42B7-9452-B45C93A4D19F}.Release|x86.ActiveCfg = Release|Any CPU
		{507E852B-2113-445F-8D9A-E10529FF12D3}.BMM|Any CPU.ActiveCfg = Release|x86
		{507E852B-2113-445F-8D9A-E10529FF12D3}.BMM|Mixed Platforms.ActiveCfg = Release|x86
		{507E852B-2113-445F-8D9A-E10529FF12D3}.BMM|Mixed Platforms.Build.0 = Release|x86
		{507E852B-2113-445F-8D9A-E10529FF12D3}.BMM|x86.ActiveCfg = Release|x86
		{507E852B-2113-445F-8D9A-E10529FF12D3}.BMM|x86.Build.0 = Release|x86
		{507E852B-2113-445F-8D9A-E10529FF12D3}.Debug|Any CPU.ActiveCfg = Debug|x86
		{507E852B-2113-445F-8D9A-E10529FF12D3}.Debug|Mixed Platforms.ActiveCfg = Debug|x86
		{507E852B-2113-445F-8D9A-E10529FF12D3}.Debug|Mixed Platforms.Build.0 = Debug|x86
		{507E852B-2113-445F-8D9A-E10529FF12D3}.Debug|x86.ActiveCfg = Debug|x86
		{507E852B-2113-445F-8D9A-E10529FF12D3}.Debug|x86.Build.0 = Debug|x86
		{507E852B-2113-445F-8D9A-E10529FF12D3}.Regulatory|Any CPU.ActiveCfg = Release|x86
		{507E852B-2113-445F-8D9A-E10529FF12D3}.Regulatory|Mixed Platforms.ActiveCfg = Release|x86
		{507E852B-2113-445F-8D9A-E10529FF12D3}.Regulatory|Mixed Platforms.Build.0 = Release|x86
		{507E852B-2113-445F-8D9A-E10529FF12D3}.Regulatory|x86.ActiveCfg = Release|x86
		{507E852B-2113-445F-8D9A-E10529FF12D3}.Regulatory|x86.Build.0 = Release|x86
		{507E852B-2113-445F-8D9A-E10529FF12D3}.Release|Any CPU.ActiveCfg = Release|x86
		{507E852B-2113-445F-8D9A-E10529FF12D3}.Release|Mixed Platforms.ActiveCfg = Release|x86
		{507E852B-2113-445F-8D9A-E10529FF12D3}.Release|Mixed Platforms.Build.0 = Release|x86
		{507E852B-2113-445F-8D9A-E10529FF12D3}.Release|x86.ActiveCfg = Release|x86
		{507E852B-2113-445F-8D9A-E10529FF12D3}.Release|x86.Build.0 = Release|x86
		{5FABEEB7-7C05-40B0-B57A-8B425719751C}.BMM|Any CPU.ActiveCfg = Release|Any CPU
		{5FABEEB7-7C05-40B0-B57A-8B425719751C}.BMM|Any CPU.Build.0 = Release|Any CPU
		{5FABEEB7-7C05-40B0-B57A-8B425719751C}.BMM|Mixed Platforms.ActiveCfg = Release|Any CPU
		{5FABEEB7-7C05-40B0-B57A-8B425719751C}.BMM|Mixed Platforms.Build.0 = Release|Any CPU
		{5FABEEB7-7C05-40B0-B57A-8B425719751C}.BMM|x86.ActiveCfg = Release|Any CPU
		{5FABEEB7-7C05-40B0-B57A-8B425719751C}.Debug|Any CPU.ActiveCfg = Debug|Any CPU
		{5FABEEB7-7C05-40B0-B57A-8B425719751C}.Debug|Any CPU.Build.0 = Debug|Any CPU
		{5FABEEB7-7C05-40B0-B57A-8B425719751C}.Debug|Mixed Platforms.ActiveCfg = Debug|Any CPU
		{5FABEEB7-7C05-40B0-B57A-8B425719751C}.Debug|Mixed Platforms.Build.0 = Debug|Any CPU
		{5FABEEB7-7C05-40B0-B57A-8B425719751C}.Debug|x86.ActiveCfg = Debug|Any CPU
		{5FABEEB7-7C05-40B0-B57A-8B425719751C}.Regulatory|Any CPU.ActiveCfg = Release|Any CPU
		{5FABEEB7-7C05-40B0-B57A-8B425719751C}.Regulatory|Any CPU.Build.0 = Release|Any CPU
		{5FABEEB7-7C05-40B0-B57A-8B425719751C}.Regulatory|Mixed Platforms.ActiveCfg = Release|Any CPU
		{5FABEEB7-7C05-40B0-B57A-8B425719751C}.Regulatory|Mixed Platforms.Build.0 = Release|Any CPU
		{5FABEEB7-7C05-40B0-B57A-8B425719751C}.Regulatory|x86.ActiveCfg = Release|Any CPU
		{5FABEEB7-7C05-40B0-B57A-8B425719751C}.Release|Any CPU.ActiveCfg = Release|Any CPU
		{5FABEEB7-7C05-40B0-B57A-8B425719751C}.Release|Any CPU.Build.0 = Release|Any CPU
		{5FABEEB7-7C05-40B0-B57A-8B425719751C}.Release|Mixed Platforms.ActiveCfg = Release|Any CPU
		{5FABEEB7-7C05-40B0-B57A-8B425719751C}.Release|Mixed Platforms.Build.0 = Release|Any CPU
		{5FABEEB7-7C05-40B0-B57A-8B425719751C}.Release|x86.ActiveCfg = Release|Any CPU
		{DCA28C4E-554B-4A02-9BAB-97937DBE889E}.BMM|Any CPU.ActiveCfg = Release|x86
		{DCA28C4E-554B-4A02-9BAB-97937DBE889E}.BMM|Mixed Platforms.ActiveCfg = Release|x86
		{DCA28C4E-554B-4A02-9BAB-97937DBE889E}.BMM|Mixed Platforms.Build.0 = Release|x86
		{DCA28C4E-554B-4A02-9BAB-97937DBE889E}.BMM|x86.ActiveCfg = Release|x86
		{DCA28C4E-554B-4A02-9BAB-97937DBE889E}.BMM|x86.Build.0 = Release|x86
		{DCA28C4E-554B-4A02-9BAB-97937DBE889E}.Debug|Any CPU.ActiveCfg = Debug|x86
		{DCA28C4E-554B-4A02-9BAB-97937DBE889E}.Debug|Mixed Platforms.ActiveCfg = Debug|x86
		{DCA28C4E-554B-4A02-9BAB-97937DBE889E}.Debug|Mixed Platforms.Build.0 = Debug|x86
		{DCA28C4E-554B-4A02-9BAB-97937DBE889E}.Debug|x86.ActiveCfg = Debug|x86
		{DCA28C4E-554B-4A02-9BAB-97937DBE889E}.Debug|x86.Build.0 = Debug|x86
		{DCA28C4E-554B-4A02-9BAB-97937DBE889E}.Regulatory|Any CPU.ActiveCfg = Release|x86
		{DCA28C4E-554B-4A02-9BAB-97937DBE889E}.Regulatory|Mixed Platforms.ActiveCfg = Release|x86
		{DCA28C4E-554B-4A02-9BAB-97937DBE889E}.Regulatory|Mixed Platforms.Build.0 = Release|x86
		{DCA28C4E-554B-4A02-9BAB-97937DBE889E}.Regulatory|x86.ActiveCfg = Release|x86
		{DCA28C4E-554B-4A02-9BAB-97937DBE889E}.Regulatory|x86.Build.0 = Release|x86
		{DCA28C4E-554B-4A02-9BAB-97937DBE889E}.Release|Any CPU.ActiveCfg = Release|x86
		{DCA28C4E-554B-4A02-9BAB-97937DBE889E}.Release|Mixed Platforms.ActiveCfg = Release|x86
		{DCA28C4E-554B-4A02-9BAB-97937DBE889E}.Release|Mixed Platforms.Build.0 = Release|x86
		{DCA28C4E-554B-4A02-9BAB-97937DBE889E}.Release|x86.ActiveCfg = Release|x86
		{DCA28C4E-554B-4A02-9BAB-97937DBE889E}.Release|x86.Build.0 = Release|x86
		{C73FE1DB-263B-4221-B1F2-45E08822D45F}.BMM|Any CPU.ActiveCfg = Release|Any CPU
		{C73FE1DB-263B-4221-B1F2-45E08822D45F}.BMM|Any CPU.Build.0 = Release|Any CPU
		{C73FE1DB-263B-4221-B1F2-45E08822D45F}.BMM|Mixed Platforms.ActiveCfg = Release|Any CPU
		{C73FE1DB-263B-4221-B1F2-45E08822D45F}.BMM|Mixed Platforms.Build.0 = Release|Any CPU
		{C73FE1DB-263B-4221-B1F2-45E08822D45F}.BMM|x86.ActiveCfg = Release|Any CPU
		{C73FE1DB-263B-4221-B1F2-45E08822D45F}.Debug|Any CPU.ActiveCfg = Debug|Any CPU
		{C73FE1DB-263B-4221-B1F2-45E08822D45F}.Debug|Any CPU.Build.0 = Debug|Any CPU
		{C73FE1DB-263B-4221-B1F2-45E08822D45F}.Debug|Mixed Platforms.ActiveCfg = Debug|Any CPU
		{C73FE1DB-263B-4221-B1F2-45E08822D45F}.Debug|Mixed Platforms.Build.0 = Debug|Any CPU
		{C73FE1DB-263B-4221-B1F2-45E08822D45F}.Debug|x86.ActiveCfg = Debug|Any CPU
		{C73FE1DB-263B-4221-B1F2-45E08822D45F}.Regulatory|Any CPU.ActiveCfg = Release|Any CPU
		{C73FE1DB-263B-4221-B1F2-45E08822D45F}.Regulatory|Any CPU.Build.0 = Release|Any CPU
		{C73FE1DB-263B-4221-B1F2-45E08822D45F}.Regulatory|Mixed Platforms.ActiveCfg = Release|Any CPU
		{C73FE1DB-263B-4221-B1F2-45E08822D45F}.Regulatory|Mixed Platforms.Build.0 = Release|Any CPU
		{C73FE1DB-263B-4221-B1F2-45E08822D45F}.Regulatory|x86.ActiveCfg = Release|Any CPU
		{C73FE1DB-263B-4221-B1F2-45E08822D45F}.Release|Any CPU.ActiveCfg = Release|Any CPU
		{C73FE1DB-263B-4221-B1F2-45E08822D45F}.Release|Any CPU.Build.0 = Release|Any CPU
		{C73FE1DB-263B-4221-B1F2-45E08822D45F}.Release|Mixed Platforms.ActiveCfg = Release|Any CPU
		{C73FE1DB-263B-4221-B1F2-45E08822D45F}.Release|Mixed Platforms.Build.0 = Release|Any CPU
		{C73FE1DB-263B-4221-B1F2-45E08822D45F}.Release|x86.ActiveCfg = Release|Any CPU
	EndGlobalSection
	GlobalSection(SolutionProperties) = preSolution
		HideSolutionNode = FALSE
	EndGlobalSection
EndGlobal
