
Microsoft Visual Studio Solution File, Format Version 12.00
# Visual Studio 2012
Project("{FAE04EC0-301F-11D3-BF4B-00C04F79EFBC}") = "Ruby.Data.CMS", "Ruby.Data.CMS\Ruby.Data.CMS.csproj", "{76462AD3-5998-478C-96B6-FFB190AAF699}"
	ProjectSection(ProjectDependencies) = postProject
		{FDF66024-AD82-47D6-BE1B-A6F49B27C788} = {FDF66024-AD82-47D6-BE1B-A6F49B27C788}
		{9046A530-17E7-4405-9B41-A7ABC2B7B646} = {9046A530-17E7-4405-9B41-A7ABC2B7B646}
		{360633A5-06A5-497D-8AAA-72947859F3E8} = {360633A5-06A5-497D-8AAA-72947859F3E8}
	EndProjectSection
EndProject
Project("{FAE04EC0-301F-11D3-BF4B-00C04F79EFBC}") = "Ruby.Data.System", "Ruby.Data.System\Ruby.Data.System.csproj", "{9046A530-17E7-4405-9B41-A7ABC2B7B646}"
	ProjectSection(ProjectDependencies) = postProject
		{360633A5-06A5-497D-8AAA-72947859F3E8} = {360633A5-06A5-497D-8AAA-72947859F3E8}
	EndProjectSection
EndProject
Project("{FAE04EC0-301F-11D3-BF4B-00C04F79EFBC}") = "Ruby.Data.System.Shared", "Ruby.Data.System.Shared\Ruby.Data.System.Shared.csproj", "{360633A5-06A5-497D-8AAA-72947859F3E8}"
EndProject
Project("{FAE04EC0-301F-11D3-BF4B-00C04F79EFBC}") = "Ruby.Data.CMS.Shared", "Ruby.Data.CMS.Shared\Ruby.Data.CMS.Shared.csproj", "{FDF66024-AD82-47D6-BE1B-A6F49B27C788}"
EndProject
Project("{FAE04EC0-301F-11D3-BF4B-00C04F79EFBC}") = "Ruby.Data.Cache", "Ruby.Data.Cache\Ruby.Data.Cache.csproj", "{FE3A4EB1-F93A-4770-8EC1-8430C3C87D4B}"
EndProject
Project("{FAE04EC0-301F-11D3-BF4B-00C04F79EFBC}") = "Ruby.Data.Console", "Ruby.Data.Console\Ruby.Data.Console.csproj", "{A176A3B8-4D60-4980-847C-488FFD5F386A}"
EndProject
Project("{FAE04EC0-301F-11D3-BF4B-00C04F79EFBC}") = "Ruby.Data.Server", "Ruby.Data.Server\Ruby.Data.Server.csproj", "{9EEEED0E-F37F-4161-B68B-CD14BC61F68A}"
EndProject
Project("{FAE04EC0-301F-11D3-BF4B-00C04F79EFBC}") = "Ruby.Data.Online", "Ruby.Data.Online\Ruby.Data.Online.csproj", "{1323B691-2509-42B8-9298-87435EFC9C27}"
EndProject
Project("{2150E333-8FDC-42A3-9474-1A3956D46DE8}") = "Test", "Test", "{009A7712-1385-42E0-B2D9-CEBE6465B053}"
EndProject
Project("{2150E333-8FDC-42A3-9474-1A3956D46DE8}") = "System", "System", "{D139334E-A984-42EF-B442-AD6224D3C40F}"
EndProject
Project("{2150E333-8FDC-42A3-9474-1A3956D46DE8}") = "CMS", "CMS", "{D397EFD4-E0AC-4E7F-AA6E-23ABF79CDBA9}"
EndProject
Project("{FAE04EC0-301F-11D3-BF4B-00C04F79EFBC}") = "Ruby.Data.Core", "..\Core\Ruby.Data.Core\Ruby.Data.Core.csproj", "{2A3BB49E-052D-4B3B-A2C1-78BE4E87F065}"
EndProject
Project("{2150E333-8FDC-42A3-9474-1A3956D46DE8}") = "Common", "Common", "{C6D41CFD-A712-455C-BD1A-B78BCDD43831}"
EndProject
Project("{2150E333-8FDC-42A3-9474-1A3956D46DE8}") = "Member", "Member", "{7720635D-AC14-4B8D-AF68-2F1C1826957C}"
EndProject
Project("{FAE04EC0-301F-11D3-BF4B-00C04F79EFBC}") = "Ruby.Data.Member", "Ruby.Data.Member\Ruby.Data.Member.csproj", "{DC71F64D-0D00-470F-91F7-ED6A9558D054}"
EndProject
Project("{FAE04EC0-301F-11D3-BF4B-00C04F79EFBC}") = "Ruby.Data.Member.Shared", "Ruby.Data.Member.Shared\Ruby.Data.Member.Shared.csproj", "{A61F7B02-D652-4F10-962B-78100F881F76}"
EndProject
Project("{FAE04EC0-301F-11D3-BF4B-00C04F79EFBC}") = "Ruby.Data.Shared", "Ruby.Data.Shared\Ruby.Data.Shared.csproj", "{3A807E45-45F3-4D9E-808F-BED3F131EA5B}"
EndProject
Global
	GlobalSection(SolutionConfigurationPlatforms) = preSolution
		Debug|Any CPU = Debug|Any CPU
		Release|Any CPU = Release|Any CPU
	EndGlobalSection
	GlobalSection(ProjectConfigurationPlatforms) = postSolution
		{76462AD3-5998-478C-96B6-FFB190AAF699}.Debug|Any CPU.ActiveCfg = Debug|Any CPU
		{76462AD3-5998-478C-96B6-FFB190AAF699}.Debug|Any CPU.Build.0 = Debug|Any CPU
		{76462AD3-5998-478C-96B6-FFB190AAF699}.Release|Any CPU.ActiveCfg = Release|Any CPU
		{76462AD3-5998-478C-96B6-FFB190AAF699}.Release|Any CPU.Build.0 = Release|Any CPU
		{9046A530-17E7-4405-9B41-A7ABC2B7B646}.Debug|Any CPU.ActiveCfg = Debug|Any CPU
		{9046A530-17E7-4405-9B41-A7ABC2B7B646}.Debug|Any CPU.Build.0 = Debug|Any CPU
		{9046A530-17E7-4405-9B41-A7ABC2B7B646}.Release|Any CPU.ActiveCfg = Release|Any CPU
		{9046A530-17E7-4405-9B41-A7ABC2B7B646}.Release|Any CPU.Build.0 = Release|Any CPU
		{360633A5-06A5-497D-8AAA-72947859F3E8}.Debug|Any CPU.ActiveCfg = Debug|Any CPU
		{360633A5-06A5-497D-8AAA-72947859F3E8}.Debug|Any CPU.Build.0 = Debug|Any CPU
		{360633A5-06A5-497D-8AAA-72947859F3E8}.Release|Any CPU.ActiveCfg = Release|Any CPU
		{360633A5-06A5-497D-8AAA-72947859F3E8}.Release|Any CPU.Build.0 = Release|Any CPU
		{FDF66024-AD82-47D6-BE1B-A6F49B27C788}.Debug|Any CPU.ActiveCfg = Debug|Any CPU
		{FDF66024-AD82-47D6-BE1B-A6F49B27C788}.Debug|Any CPU.Build.0 = Debug|Any CPU
		{FDF66024-AD82-47D6-BE1B-A6F49B27C788}.Release|Any CPU.ActiveCfg = Release|Any CPU
		{FDF66024-AD82-47D6-BE1B-A6F49B27C788}.Release|Any CPU.Build.0 = Release|Any CPU
		{FE3A4EB1-F93A-4770-8EC1-8430C3C87D4B}.Debug|Any CPU.ActiveCfg = Debug|Any CPU
		{FE3A4EB1-F93A-4770-8EC1-8430C3C87D4B}.Debug|Any CPU.Build.0 = Debug|Any CPU
		{FE3A4EB1-F93A-4770-8EC1-8430C3C87D4B}.Release|Any CPU.ActiveCfg = Release|Any CPU
		{FE3A4EB1-F93A-4770-8EC1-8430C3C87D4B}.Release|Any CPU.Build.0 = Release|Any CPU
		{A176A3B8-4D60-4980-847C-488FFD5F386A}.Debug|Any CPU.ActiveCfg = Debug|Any CPU
		{A176A3B8-4D60-4980-847C-488FFD5F386A}.Debug|Any CPU.Build.0 = Debug|Any CPU
		{A176A3B8-4D60-4980-847C-488FFD5F386A}.Release|Any CPU.ActiveCfg = Release|Any CPU
		{A176A3B8-4D60-4980-847C-488FFD5F386A}.Release|Any CPU.Build.0 = Release|Any CPU
		{9EEEED0E-F37F-4161-B68B-CD14BC61F68A}.Debug|Any CPU.ActiveCfg = Debug|Any CPU
		{9EEEED0E-F37F-4161-B68B-CD14BC61F68A}.Debug|Any CPU.Build.0 = Debug|Any CPU
		{9EEEED0E-F37F-4161-B68B-CD14BC61F68A}.Release|Any CPU.ActiveCfg = Release|Any CPU
		{9EEEED0E-F37F-4161-B68B-CD14BC61F68A}.Release|Any CPU.Build.0 = Release|Any CPU
		{1323B691-2509-42B8-9298-87435EFC9C27}.Debug|Any CPU.ActiveCfg = Debug|Any CPU
		{1323B691-2509-42B8-9298-87435EFC9C27}.Debug|Any CPU.Build.0 = Debug|Any CPU
		{1323B691-2509-42B8-9298-87435EFC9C27}.Release|Any CPU.ActiveCfg = Release|Any CPU
		{1323B691-2509-42B8-9298-87435EFC9C27}.Release|Any CPU.Build.0 = Release|Any CPU
		{2A3BB49E-052D-4B3B-A2C1-78BE4E87F065}.Debug|Any CPU.ActiveCfg = Debug|Any CPU
		{2A3BB49E-052D-4B3B-A2C1-78BE4E87F065}.Debug|Any CPU.Build.0 = Debug|Any CPU
		{2A3BB49E-052D-4B3B-A2C1-78BE4E87F065}.Release|Any CPU.ActiveCfg = Release|Any CPU
		{2A3BB49E-052D-4B3B-A2C1-78BE4E87F065}.Release|Any CPU.Build.0 = Release|Any CPU
		{DC71F64D-0D00-470F-91F7-ED6A9558D054}.Debug|Any CPU.ActiveCfg = Debug|Any CPU
		{DC71F64D-0D00-470F-91F7-ED6A9558D054}.Debug|Any CPU.Build.0 = Debug|Any CPU
		{DC71F64D-0D00-470F-91F7-ED6A9558D054}.Release|Any CPU.ActiveCfg = Release|Any CPU
		{DC71F64D-0D00-470F-91F7-ED6A9558D054}.Release|Any CPU.Build.0 = Release|Any CPU
		{A61F7B02-D652-4F10-962B-78100F881F76}.Debug|Any CPU.ActiveCfg = Debug|Any CPU
		{A61F7B02-D652-4F10-962B-78100F881F76}.Debug|Any CPU.Build.0 = Debug|Any CPU
		{A61F7B02-D652-4F10-962B-78100F881F76}.Release|Any CPU.ActiveCfg = Release|Any CPU
		{A61F7B02-D652-4F10-962B-78100F881F76}.Release|Any CPU.Build.0 = Release|Any CPU
		{3A807E45-45F3-4D9E-808F-BED3F131EA5B}.Debug|Any CPU.ActiveCfg = Debug|Any CPU
		{3A807E45-45F3-4D9E-808F-BED3F131EA5B}.Debug|Any CPU.Build.0 = Debug|Any CPU
		{3A807E45-45F3-4D9E-808F-BED3F131EA5B}.Release|Any CPU.ActiveCfg = Release|Any CPU
		{3A807E45-45F3-4D9E-808F-BED3F131EA5B}.Release|Any CPU.Build.0 = Release|Any CPU
	EndGlobalSection
	GlobalSection(SolutionProperties) = preSolution
		HideSolutionNode = FALSE
	EndGlobalSection
	GlobalSection(NestedProjects) = preSolution
		{FDF66024-AD82-47D6-BE1B-A6F49B27C788} = {D397EFD4-E0AC-4E7F-AA6E-23ABF79CDBA9}
		{76462AD3-5998-478C-96B6-FFB190AAF699} = {D397EFD4-E0AC-4E7F-AA6E-23ABF79CDBA9}
		{360633A5-06A5-497D-8AAA-72947859F3E8} = {D139334E-A984-42EF-B442-AD6224D3C40F}
		{FE3A4EB1-F93A-4770-8EC1-8430C3C87D4B} = {D139334E-A984-42EF-B442-AD6224D3C40F}
		{9046A530-17E7-4405-9B41-A7ABC2B7B646} = {D139334E-A984-42EF-B442-AD6224D3C40F}
		{9EEEED0E-F37F-4161-B68B-CD14BC61F68A} = {009A7712-1385-42E0-B2D9-CEBE6465B053}
		{A176A3B8-4D60-4980-847C-488FFD5F386A} = {009A7712-1385-42E0-B2D9-CEBE6465B053}
		{2A3BB49E-052D-4B3B-A2C1-78BE4E87F065} = {C6D41CFD-A712-455C-BD1A-B78BCDD43831}
		{3A807E45-45F3-4D9E-808F-BED3F131EA5B} = {C6D41CFD-A712-455C-BD1A-B78BCDD43831}
		{DC71F64D-0D00-470F-91F7-ED6A9558D054} = {7720635D-AC14-4B8D-AF68-2F1C1826957C}
		{A61F7B02-D652-4F10-962B-78100F881F76} = {7720635D-AC14-4B8D-AF68-2F1C1826957C}
	EndGlobalSection
EndGlobal
