
Microsoft Visual Studio Solution File, Format Version 12.00
# Visual Studio 2013
VisualStudioVersion = 12.0.21005.1
MinimumVisualStudioVersion = 10.0.40219.1
Project("{FAE04EC0-301F-11D3-BF4B-00C04F79EFBC}") = "Alma", "Alma\Alma.csproj", "{FA4B5591-2C6A-4494-8A35-396D2030F09E}"
EndProject
Project("{FAE04EC0-301F-11D3-BF4B-00C04F79EFBC}") = "Alma.Shared", "Alma.Shared\Alma.Shared.csproj", "{5311FB55-25E9-46B3-990C-E932A507E2F7}"
EndProject
Project("{FAE04EC0-301F-11D3-BF4B-00C04F79EFBC}") = "Alma.Controls", "Alma.Controls\Alma.Controls.csproj", "{ADD7340E-0DDE-4C2C-AB36-35FB990A1532}"
EndProject
Project("{FAE04EC0-301F-11D3-BF4B-00C04F79EFBC}") = "ModernShell", "Module.Shell\ModernShell.csproj", "{42DCD5D9-6DBB-484E-9AE1-773876B64EE9}"
EndProject
Project("{FAE04EC0-301F-11D3-BF4B-00C04F79EFBC}") = "Alma.Updater", "Alma.Updater\Alma.Updater.csproj", "{B86A293D-0808-4E6F-8B86-6A7E47D648FF}"
EndProject
Project("{2150E333-8FDC-42A3-9474-1A3956D46DE8}") = "Solution Items", "Solution Items", "{918D6487-409C-4152-8C92-A144573D3389}"
	ProjectSection(SolutionItems) = preProject
		WIP.txt = WIP.txt
	EndProjectSection
EndProject
Project("{2150E333-8FDC-42A3-9474-1A3956D46DE8}") = "Module", "Module", "{E888C888-B608-49E1-8A94-EF08E8321D1B}"
EndProject
Project("{2150E333-8FDC-42A3-9474-1A3956D46DE8}") = "Control", "Control", "{3C445DBD-D6C0-4A56-B1BA-D0DD7660E93A}"
EndProject
Project("{2150E333-8FDC-42A3-9474-1A3956D46DE8}") = "Framework", "Framework", "{84720F57-DADA-4FFB-BA06-D6B2133046F7}"
EndProject
Project("{FAE04EC0-301F-11D3-BF4B-00C04F79EFBC}") = "Alma.Core", "Alma.Core\Alma.Core.csproj", "{81C1A000-8293-487A-8FD3-8453B1A5C4F2}"
EndProject
Project("{FAE04EC0-301F-11D3-BF4B-00C04F79EFBC}") = "ModuleOne", "Modules\ModuleOne\ModuleOne.csproj", "{8C285364-ABD4-421E-B3F8-6856B3580A31}"
EndProject
Project("{FAE04EC0-301F-11D3-BF4B-00C04F79EFBC}") = "ModuleTwoThree", "Modules\ModuleTwoThree\ModuleTwoThree.csproj", "{59D2D7F1-009B-441B-A662-E5587558A0DB}"
EndProject
Project("{2150E333-8FDC-42A3-9474-1A3956D46DE8}") = "Shell", "Shell", "{17A2865F-07BD-44E3-A5D9-41A1D4F59B13}"
EndProject
Project("{2150E333-8FDC-42A3-9474-1A3956D46DE8}") = "Widget", "Widget", "{24E50871-8C1B-413A-8793-36A6BC91F415}"
EndProject
Project("{FAE04EC0-301F-11D3-BF4B-00C04F79EFBC}") = "Alma.Business.Server", "Alma.Business\Alma.Business.Server.csproj", "{43ADF17B-7197-4B30-A799-D3FF87A3B2F5}"
EndProject
Project("{FAE04EC0-301F-11D3-BF4B-00C04F79EFBC}") = "Alma.Data", "Alma.Data\Alma.Data.csproj", "{C04093A2-959D-4BE4-A81D-F909F2D70635}"
EndProject
Project("{FAE04EC0-301F-11D3-BF4B-00C04F79EFBC}") = "Alma.Business.Client", "Alma.Business.Client\Alma.Business.Client.csproj", "{27DE0695-F056-4635-AB9A-C15C8281185B}"
EndProject
Project("{FAE04EC0-301F-11D3-BF4B-00C04F79EFBC}") = "Alma.Business.Shared", "Alma.Business.Shared\Alma.Business.Shared.csproj", "{871D9351-E76C-4097-A410-8610B7B1A0E0}"
EndProject
Global
	GlobalSection(SolutionConfigurationPlatforms) = preSolution
		Debug|Any CPU = Debug|Any CPU
		Release|Any CPU = Release|Any CPU
	EndGlobalSection
	GlobalSection(ProjectConfigurationPlatforms) = postSolution
		{FA4B5591-2C6A-4494-8A35-396D2030F09E}.Debug|Any CPU.ActiveCfg = Debug|Any CPU
		{FA4B5591-2C6A-4494-8A35-396D2030F09E}.Debug|Any CPU.Build.0 = Debug|Any CPU
		{FA4B5591-2C6A-4494-8A35-396D2030F09E}.Release|Any CPU.ActiveCfg = Release|Any CPU
		{FA4B5591-2C6A-4494-8A35-396D2030F09E}.Release|Any CPU.Build.0 = Release|Any CPU
		{5311FB55-25E9-46B3-990C-E932A507E2F7}.Debug|Any CPU.ActiveCfg = Debug|Any CPU
		{5311FB55-25E9-46B3-990C-E932A507E2F7}.Debug|Any CPU.Build.0 = Debug|Any CPU
		{5311FB55-25E9-46B3-990C-E932A507E2F7}.Release|Any CPU.ActiveCfg = Release|Any CPU
		{5311FB55-25E9-46B3-990C-E932A507E2F7}.Release|Any CPU.Build.0 = Release|Any CPU
		{ADD7340E-0DDE-4C2C-AB36-35FB990A1532}.Debug|Any CPU.ActiveCfg = Debug|Any CPU
		{ADD7340E-0DDE-4C2C-AB36-35FB990A1532}.Debug|Any CPU.Build.0 = Debug|Any CPU
		{ADD7340E-0DDE-4C2C-AB36-35FB990A1532}.Release|Any CPU.ActiveCfg = Release|Any CPU
		{ADD7340E-0DDE-4C2C-AB36-35FB990A1532}.Release|Any CPU.Build.0 = Release|Any CPU
		{42DCD5D9-6DBB-484E-9AE1-773876B64EE9}.Debug|Any CPU.ActiveCfg = Debug|Any CPU
		{42DCD5D9-6DBB-484E-9AE1-773876B64EE9}.Debug|Any CPU.Build.0 = Debug|Any CPU
		{42DCD5D9-6DBB-484E-9AE1-773876B64EE9}.Release|Any CPU.ActiveCfg = Release|Any CPU
		{42DCD5D9-6DBB-484E-9AE1-773876B64EE9}.Release|Any CPU.Build.0 = Release|Any CPU
		{B86A293D-0808-4E6F-8B86-6A7E47D648FF}.Debug|Any CPU.ActiveCfg = Debug|Any CPU
		{B86A293D-0808-4E6F-8B86-6A7E47D648FF}.Debug|Any CPU.Build.0 = Debug|Any CPU
		{B86A293D-0808-4E6F-8B86-6A7E47D648FF}.Release|Any CPU.ActiveCfg = Release|Any CPU
		{B86A293D-0808-4E6F-8B86-6A7E47D648FF}.Release|Any CPU.Build.0 = Release|Any CPU
		{81C1A000-8293-487A-8FD3-8453B1A5C4F2}.Debug|Any CPU.ActiveCfg = Debug|Any CPU
		{81C1A000-8293-487A-8FD3-8453B1A5C4F2}.Debug|Any CPU.Build.0 = Debug|Any CPU
		{81C1A000-8293-487A-8FD3-8453B1A5C4F2}.Release|Any CPU.ActiveCfg = Release|Any CPU
		{81C1A000-8293-487A-8FD3-8453B1A5C4F2}.Release|Any CPU.Build.0 = Release|Any CPU
		{8C285364-ABD4-421E-B3F8-6856B3580A31}.Debug|Any CPU.ActiveCfg = Debug|Any CPU
		{8C285364-ABD4-421E-B3F8-6856B3580A31}.Debug|Any CPU.Build.0 = Debug|Any CPU
		{8C285364-ABD4-421E-B3F8-6856B3580A31}.Release|Any CPU.ActiveCfg = Release|Any CPU
		{8C285364-ABD4-421E-B3F8-6856B3580A31}.Release|Any CPU.Build.0 = Release|Any CPU
		{59D2D7F1-009B-441B-A662-E5587558A0DB}.Debug|Any CPU.ActiveCfg = Debug|Any CPU
		{59D2D7F1-009B-441B-A662-E5587558A0DB}.Debug|Any CPU.Build.0 = Debug|Any CPU
		{59D2D7F1-009B-441B-A662-E5587558A0DB}.Release|Any CPU.ActiveCfg = Release|Any CPU
		{59D2D7F1-009B-441B-A662-E5587558A0DB}.Release|Any CPU.Build.0 = Release|Any CPU
		{43ADF17B-7197-4B30-A799-D3FF87A3B2F5}.Debug|Any CPU.ActiveCfg = Debug|Any CPU
		{43ADF17B-7197-4B30-A799-D3FF87A3B2F5}.Debug|Any CPU.Build.0 = Debug|Any CPU
		{43ADF17B-7197-4B30-A799-D3FF87A3B2F5}.Release|Any CPU.ActiveCfg = Release|Any CPU
		{43ADF17B-7197-4B30-A799-D3FF87A3B2F5}.Release|Any CPU.Build.0 = Release|Any CPU
		{C04093A2-959D-4BE4-A81D-F909F2D70635}.Debug|Any CPU.ActiveCfg = Debug|Any CPU
		{C04093A2-959D-4BE4-A81D-F909F2D70635}.Debug|Any CPU.Build.0 = Debug|Any CPU
		{C04093A2-959D-4BE4-A81D-F909F2D70635}.Release|Any CPU.ActiveCfg = Release|Any CPU
		{C04093A2-959D-4BE4-A81D-F909F2D70635}.Release|Any CPU.Build.0 = Release|Any CPU
		{27DE0695-F056-4635-AB9A-C15C8281185B}.Debug|Any CPU.ActiveCfg = Debug|Any CPU
		{27DE0695-F056-4635-AB9A-C15C8281185B}.Debug|Any CPU.Build.0 = Debug|Any CPU
		{27DE0695-F056-4635-AB9A-C15C8281185B}.Release|Any CPU.ActiveCfg = Release|Any CPU
		{27DE0695-F056-4635-AB9A-C15C8281185B}.Release|Any CPU.Build.0 = Release|Any CPU
		{871D9351-E76C-4097-A410-8610B7B1A0E0}.Debug|Any CPU.ActiveCfg = Debug|Any CPU
		{871D9351-E76C-4097-A410-8610B7B1A0E0}.Debug|Any CPU.Build.0 = Debug|Any CPU
		{871D9351-E76C-4097-A410-8610B7B1A0E0}.Release|Any CPU.ActiveCfg = Release|Any CPU
		{871D9351-E76C-4097-A410-8610B7B1A0E0}.Release|Any CPU.Build.0 = Release|Any CPU
	EndGlobalSection
	GlobalSection(SolutionProperties) = preSolution
		HideSolutionNode = FALSE
	EndGlobalSection
	GlobalSection(NestedProjects) = preSolution
		{ADD7340E-0DDE-4C2C-AB36-35FB990A1532} = {3C445DBD-D6C0-4A56-B1BA-D0DD7660E93A}
		{42DCD5D9-6DBB-484E-9AE1-773876B64EE9} = {17A2865F-07BD-44E3-A5D9-41A1D4F59B13}
		{8C285364-ABD4-421E-B3F8-6856B3580A31} = {E888C888-B608-49E1-8A94-EF08E8321D1B}
		{59D2D7F1-009B-441B-A662-E5587558A0DB} = {E888C888-B608-49E1-8A94-EF08E8321D1B}
		{81C1A000-8293-487A-8FD3-8453B1A5C4F2} = {84720F57-DADA-4FFB-BA06-D6B2133046F7}
		{43ADF17B-7197-4B30-A799-D3FF87A3B2F5} = {84720F57-DADA-4FFB-BA06-D6B2133046F7}
		{C04093A2-959D-4BE4-A81D-F909F2D70635} = {84720F57-DADA-4FFB-BA06-D6B2133046F7}
		{27DE0695-F056-4635-AB9A-C15C8281185B} = {84720F57-DADA-4FFB-BA06-D6B2133046F7}
		{871D9351-E76C-4097-A410-8610B7B1A0E0} = {84720F57-DADA-4FFB-BA06-D6B2133046F7}
	EndGlobalSection
EndGlobal
